// !$*UTF8*$!
{
	archiveVersion = 1;
	classes = {
	};
	objectVersion = 50;
	objects = {

/* Begin PBXBuildFile section */
		27C541E02EA3A3A0E789F49B /* Pods_HRUITests.framework in Frameworks */ = {isa = PBXBuildFile; fileRef = 470722835B4F0116693E0C92 /* Pods_HRUITests.framework */; };
		AD9BFF2E373860D6EA92CE9D /* Pods_HRTests.framework in Frameworks */ = {isa = PBXBuildFile; fileRef = 07F863CC7006F8725E945D56 /* Pods_HRTests.framework */; };
		BB0827B821707189008FE9C2 /* Global.swift in Sources */ = {isa = PBXBuildFile; fileRef = BB0827B721707189008FE9C2 /* Global.swift */; };
		BB18D4CC216DCDBC00CD105F /* GoogleService-Info.plist in Resources */ = {isa = PBXBuildFile; fileRef = BB18D4CB216DCDB900CD105F /* GoogleService-Info.plist */; };
		BB9561702175E95400A52232 /* Leave.swift in Sources */ = {isa = PBXBuildFile; fileRef = BB95616F2175E95400A52232 /* Leave.swift */; };
		BBC42416216F29140056CB41 /* User.swift in Sources */ = {isa = PBXBuildFile; fileRef = BBC42415216F29130056CB41 /* User.swift */; };
		BBD327682165CEF000D96A5D /* AppDelegate.swift in Sources */ = {isa = PBXBuildFile; fileRef = BBD327672165CEF000D96A5D /* AppDelegate.swift */; };
		BBD3276D2165CEF100D96A5D /* Main.storyboard in Resources */ = {isa = PBXBuildFile; fileRef = BBD3276B2165CEF100D96A5D /* Main.storyboard */; };
		BBD327722165CEFF00D96A5D /* LaunchScreen.storyboard in Resources */ = {isa = PBXBuildFile; fileRef = BBD327702165CEFF00D96A5D /* LaunchScreen.storyboard */; };
		BBD3277D2165CEFF00D96A5D /* HRTests.swift in Sources */ = {isa = PBXBuildFile; fileRef = BBD3277C2165CEFF00D96A5D /* HRTests.swift */; };
		BBD327882165CEFF00D96A5D /* HRUITests.swift in Sources */ = {isa = PBXBuildFile; fileRef = BBD327872165CEFF00D96A5D /* HRUITests.swift */; };
		BBD327962165DBA800D96A5D /* SignInController.swift in Sources */ = {isa = PBXBuildFile; fileRef = BBD327952165DBA800D96A5D /* SignInController.swift */; };
		BBD3279C2166312900D96A5D /* SignupController.swift in Sources */ = {isa = PBXBuildFile; fileRef = BBD3279B2166312900D96A5D /* SignupController.swift */; };
		BBD3279E21663E7900D96A5D /* ForgotController.swift in Sources */ = {isa = PBXBuildFile; fileRef = BBD3279D21663E7900D96A5D /* ForgotController.swift */; };
		BBDE30B721673EB6005D58D9 /* LeaveController.swift in Sources */ = {isa = PBXBuildFile; fileRef = BBDE30B621673EB6005D58D9 /* LeaveController.swift */; };
		BBDE30B921673F04005D58D9 /* SelectedController.swift in Sources */ = {isa = PBXBuildFile; fileRef = BBDE30B821673F04005D58D9 /* SelectedController.swift */; };
		BBDE30BB21673F1F005D58D9 /* EditSendController.swift in Sources */ = {isa = PBXBuildFile; fileRef = BBDE30BA21673F1F005D58D9 /* EditSendController.swift */; };
		D9937984B4AFADEC655DB84A /* Pods_HR.framework in Frameworks */ = {isa = PBXBuildFile; fileRef = CA4966883C0BB1507F2B4E27 /* Pods_HR.framework */; settings = {ATTRIBUTES = (Required, ); }; };
		EED67D70221EA36E0061FADE /* SplashController.swift in Sources */ = {isa = PBXBuildFile; fileRef = EED67D6F221EA36D0061FADE /* SplashController.swift */; };
		EED67D74221EA56F0061FADE /* DataLeave.swift in Sources */ = {isa = PBXBuildFile; fileRef = EED67D73221EA56F0061FADE /* DataLeave.swift */; };
		EEEF863021B5A24900C20DCB /* Assets.xcassets in Resources */ = {isa = PBXBuildFile; fileRef = EEEF862F21B5A24800C20DCB /* Assets.xcassets */; };
/* End PBXBuildFile section */

/* Begin PBXContainerItemProxy section */
		BBD327792165CEFF00D96A5D /* PBXContainerItemProxy */ = {
			isa = PBXContainerItemProxy;
			containerPortal = BBD3275C2165CEEF00D96A5D /* Project object */;
			proxyType = 1;
			remoteGlobalIDString = BBD327632165CEF000D96A5D;
			remoteInfo = HR;
		};
		BBD327842165CEFF00D96A5D /* PBXContainerItemProxy */ = {
			isa = PBXContainerItemProxy;
			containerPortal = BBD3275C2165CEEF00D96A5D /* Project object */;
			proxyType = 1;
			remoteGlobalIDString = BBD327632165CEF000D96A5D;
			remoteInfo = HR;
		};
/* End PBXContainerItemProxy section */

/* Begin PBXFileReference section */
		07F863CC7006F8725E945D56 /* Pods_HRTests.framework */ = {isa = PBXFileReference; explicitFileType = wrapper.framework; includeInIndex = 0; path = Pods_HRTests.framework; sourceTree = BUILT_PRODUCTS_DIR; };
		23FC3F0C9FFCB92777A8BAB5 /* Pods-HR.release.xcconfig */ = {isa = PBXFileReference; includeInIndex = 1; lastKnownFileType = text.xcconfig; name = "Pods-HR.release.xcconfig"; path = "Pods/Target Support Files/Pods-HR/Pods-HR.release.xcconfig"; sourceTree = "<group>"; };
		470722835B4F0116693E0C92 /* Pods_HRUITests.framework */ = {isa = PBXFileReference; explicitFileType = wrapper.framework; includeInIndex = 0; path = Pods_HRUITests.framework; sourceTree = BUILT_PRODUCTS_DIR; };
		8262875572C8007A7FD272E5 /* Pods-HRTests.debug.xcconfig */ = {isa = PBXFileReference; includeInIndex = 1; lastKnownFileType = text.xcconfig; name = "Pods-HRTests.debug.xcconfig"; path = "Pods/Target Support Files/Pods-HRTests/Pods-HRTests.debug.xcconfig"; sourceTree = "<group>"; };
		A68D744D4CC119B546E2DA41 /* Pods-HRTests.release.xcconfig */ = {isa = PBXFileReference; includeInIndex = 1; lastKnownFileType = text.xcconfig; name = "Pods-HRTests.release.xcconfig"; path = "Pods/Target Support Files/Pods-HRTests/Pods-HRTests.release.xcconfig"; sourceTree = "<group>"; };
		BB0827B621707043008FE9C2 /* Header.h */ = {isa = PBXFileReference; lastKnownFileType = sourcecode.c.h; path = Header.h; sourceTree = "<group>"; };
		BB0827B721707189008FE9C2 /* Global.swift */ = {isa = PBXFileReference; lastKnownFileType = sourcecode.swift; path = Global.swift; sourceTree = "<group>"; };
		BB18D4CB216DCDB900CD105F /* GoogleService-Info.plist */ = {isa = PBXFileReference; fileEncoding = 4; lastKnownFileType = text.plist.xml; path = "GoogleService-Info.plist"; sourceTree = "<group>"; };
		BB95616F2175E95400A52232 /* Leave.swift */ = {isa = PBXFileReference; lastKnownFileType = sourcecode.swift; path = Leave.swift; sourceTree = "<group>"; };
		BBC42415216F29130056CB41 /* User.swift */ = {isa = PBXFileReference; lastKnownFileType = sourcecode.swift; path = User.swift; sourceTree = "<group>"; };
		BBD327642165CEF000D96A5D /* HR.app */ = {isa = PBXFileReference; explicitFileType = wrapper.application; includeInIndex = 0; path = HR.app; sourceTree = BUILT_PRODUCTS_DIR; };
		BBD327672165CEF000D96A5D /* AppDelegate.swift */ = {isa = PBXFileReference; lastKnownFileType = sourcecode.swift; path = AppDelegate.swift; sourceTree = "<group>"; };
		BBD3276C2165CEF100D96A5D /* Base */ = {isa = PBXFileReference; lastKnownFileType = file.storyboard; name = Base; path = Base.lproj/Main.storyboard; sourceTree = "<group>"; };
		BBD327712165CEFF00D96A5D /* Base */ = {isa = PBXFileReference; lastKnownFileType = file.storyboard; name = Base; path = Base.lproj/LaunchScreen.storyboard; sourceTree = "<group>"; };
		BBD327732165CEFF00D96A5D /* Info.plist */ = {isa = PBXFileReference; lastKnownFileType = text.plist.xml; path = Info.plist; sourceTree = "<group>"; };
		BBD327782165CEFF00D96A5D /* HRTests.xctest */ = {isa = PBXFileReference; explicitFileType = wrapper.cfbundle; includeInIndex = 0; path = HRTests.xctest; sourceTree = BUILT_PRODUCTS_DIR; };
		BBD3277C2165CEFF00D96A5D /* HRTests.swift */ = {isa = PBXFileReference; lastKnownFileType = sourcecode.swift; path = HRTests.swift; sourceTree = "<group>"; };
		BBD3277E2165CEFF00D96A5D /* Info.plist */ = {isa = PBXFileReference; lastKnownFileType = text.plist.xml; path = Info.plist; sourceTree = "<group>"; };
		BBD327832165CEFF00D96A5D /* HRUITests.xctest */ = {isa = PBXFileReference; explicitFileType = wrapper.cfbundle; includeInIndex = 0; path = HRUITests.xctest; sourceTree = BUILT_PRODUCTS_DIR; };
		BBD327872165CEFF00D96A5D /* HRUITests.swift */ = {isa = PBXFileReference; lastKnownFileType = sourcecode.swift; path = HRUITests.swift; sourceTree = "<group>"; };
		BBD327892165CEFF00D96A5D /* Info.plist */ = {isa = PBXFileReference; lastKnownFileType = text.plist.xml; path = Info.plist; sourceTree = "<group>"; };
		BBD327952165DBA800D96A5D /* SignInController.swift */ = {isa = PBXFileReference; lastKnownFileType = sourcecode.swift; path = SignInController.swift; sourceTree = "<group>"; };
		BBD3279B2166312900D96A5D /* SignupController.swift */ = {isa = PBXFileReference; lastKnownFileType = sourcecode.swift; path = SignupController.swift; sourceTree = "<group>"; };
		BBD3279D21663E7900D96A5D /* ForgotController.swift */ = {isa = PBXFileReference; lastKnownFileType = sourcecode.swift; path = ForgotController.swift; sourceTree = "<group>"; };
		BBDE30B621673EB6005D58D9 /* LeaveController.swift */ = {isa = PBXFileReference; lastKnownFileType = sourcecode.swift; path = LeaveController.swift; sourceTree = "<group>"; };
		BBDE30B821673F04005D58D9 /* SelectedController.swift */ = {isa = PBXFileReference; lastKnownFileType = sourcecode.swift; path = SelectedController.swift; sourceTree = "<group>"; };
		BBDE30BA21673F1F005D58D9 /* EditSendController.swift */ = {isa = PBXFileReference; lastKnownFileType = sourcecode.swift; path = EditSendController.swift; sourceTree = "<group>"; };
		C22179FFD193C261F956ED3A /* Pods-HRUITests.debug.xcconfig */ = {isa = PBXFileReference; includeInIndex = 1; lastKnownFileType = text.xcconfig; name = "Pods-HRUITests.debug.xcconfig"; path = "Pods/Target Support Files/Pods-HRUITests/Pods-HRUITests.debug.xcconfig"; sourceTree = "<group>"; };
		CA4966883C0BB1507F2B4E27 /* Pods_HR.framework */ = {isa = PBXFileReference; explicitFileType = wrapper.framework; includeInIndex = 0; path = Pods_HR.framework; sourceTree = BUILT_PRODUCTS_DIR; };
		D7C997EB3C7F345CD7471815 /* Pods-HR.debug.xcconfig */ = {isa = PBXFileReference; includeInIndex = 1; lastKnownFileType = text.xcconfig; name = "Pods-HR.debug.xcconfig"; path = "Pods/Target Support Files/Pods-HR/Pods-HR.debug.xcconfig"; sourceTree = "<group>"; };
		E461E37DBC9BAD75E9915B6C /* Pods-HRUITests.release.xcconfig */ = {isa = PBXFileReference; includeInIndex = 1; lastKnownFileType = text.xcconfig; name = "Pods-HRUITests.release.xcconfig"; path = "Pods/Target Support Files/Pods-HRUITests/Pods-HRUITests.release.xcconfig"; sourceTree = "<group>"; };
		EED67D6F221EA36D0061FADE /* SplashController.swift */ = {isa = PBXFileReference; fileEncoding = 4; lastKnownFileType = sourcecode.swift; path = SplashController.swift; sourceTree = "<group>"; };
		EED67D73221EA56F0061FADE /* DataLeave.swift */ = {isa = PBXFileReference; fileEncoding = 4; lastKnownFileType = sourcecode.swift; path = DataLeave.swift; sourceTree = "<group>"; };
		EEEF862F21B5A24800C20DCB /* Assets.xcassets */ = {isa = PBXFileReference; lastKnownFileType = folder.assetcatalog; path = Assets.xcassets; sourceTree = "<group>"; };
/* End PBXFileReference section */

/* Begin PBXFrameworksBuildPhase section */
		BBD327612165CEF000D96A5D /* Frameworks */ = {
			isa = PBXFrameworksBuildPhase;
			buildActionMask = 2147483647;
			files = (
				D9937984B4AFADEC655DB84A /* Pods_HR.framework in Frameworks */,
			);
			runOnlyForDeploymentPostprocessing = 0;
		};
		BBD327752165CEFF00D96A5D /* Frameworks */ = {
			isa = PBXFrameworksBuildPhase;
			buildActionMask = 2147483647;
			files = (
				AD9BFF2E373860D6EA92CE9D /* Pods_HRTests.framework in Frameworks */,
			);
			runOnlyForDeploymentPostprocessing = 0;
		};
		BBD327802165CEFF00D96A5D /* Frameworks */ = {
			isa = PBXFrameworksBuildPhase;
			buildActionMask = 2147483647;
			files = (
				27C541E02EA3A3A0E789F49B /* Pods_HRUITests.framework in Frameworks */,
			);
			runOnlyForDeploymentPostprocessing = 0;
		};
/* End PBXFrameworksBuildPhase section */

/* Begin PBXGroup section */
		91CAF5DBC211FF1956156685 /* Frameworks */ = {
			isa = PBXGroup;
			children = (
				CA4966883C0BB1507F2B4E27 /* Pods_HR.framework */,
				07F863CC7006F8725E945D56 /* Pods_HRTests.framework */,
				470722835B4F0116693E0C92 /* Pods_HRUITests.framework */,
			);
			name = Frameworks;
			sourceTree = "<group>";
		};
		BBA0AB9F216C7E8B00DCEE46 /* Model */ = {
			isa = PBXGroup;
			children = (
				BBC42415216F29130056CB41 /* User.swift */,
				BB95616F2175E95400A52232 /* Leave.swift */,
				EED67D73221EA56F0061FADE /* DataLeave.swift */,
			);
			path = Model;
			sourceTree = "<group>";
		};
		BBD3275B2165CEEF00D96A5D = {
			isa = PBXGroup;
			children = (
				BBD327662165CEF000D96A5D /* HR */,
				BBD3277B2165CEFF00D96A5D /* HRTests */,
				BBD327862165CEFF00D96A5D /* HRUITests */,
				E8ECE0C523071406078C12A7 /* Pods */,
				BBD327652165CEF000D96A5D /* Products */,
				91CAF5DBC211FF1956156685 /* Frameworks */,
			);
			sourceTree = "<group>";
		};
		BBD327652165CEF000D96A5D /* Products */ = {
			isa = PBXGroup;
			children = (
				BBD327642165CEF000D96A5D /* HR.app */,
				BBD327782165CEFF00D96A5D /* HRTests.xctest */,
				BBD327832165CEFF00D96A5D /* HRUITests.xctest */,
			);
			name = Products;
			sourceTree = "<group>";
		};
		BBD327662165CEF000D96A5D /* HR */ = {
			isa = PBXGroup;
			children = (
				BBA0AB9F216C7E8B00DCEE46 /* Model */,
				BB0827B621707043008FE9C2 /* Header.h */,
				BBD327672165CEF000D96A5D /* AppDelegate.swift */,
				BB0827B721707189008FE9C2 /* Global.swift */,
				BBD327952165DBA800D96A5D /* SignInController.swift */,
				BBD3279B2166312900D96A5D /* SignupController.swift */,
				BBD3279D21663E7900D96A5D /* ForgotController.swift */,
				BBDE30B621673EB6005D58D9 /* LeaveController.swift */,
				BBDE30B821673F04005D58D9 /* SelectedController.swift */,
				BBDE30BA21673F1F005D58D9 /* EditSendController.swift */,
				EED67D6F221EA36D0061FADE /* SplashController.swift */,
				EEEF862F21B5A24800C20DCB /* Assets.xcassets */,
				BBD3276B2165CEF100D96A5D /* Main.storyboard */,
				BBD327702165CEFF00D96A5D /* LaunchScreen.storyboard */,
				BB18D4CB216DCDB900CD105F /* GoogleService-Info.plist */,
				BBD327732165CEFF00D96A5D /* Info.plist */,
			);
			path = HR;
			sourceTree = "<group>";
		};
		BBD3277B2165CEFF00D96A5D /* HRTests */ = {
			isa = PBXGroup;
			children = (
				BBD3277C2165CEFF00D96A5D /* HRTests.swift */,
				BBD3277E2165CEFF00D96A5D /* Info.plist */,
			);
			path = HRTests;
			sourceTree = "<group>";
		};
		BBD327862165CEFF00D96A5D /* HRUITests */ = {
			isa = PBXGroup;
			children = (
				BBD327872165CEFF00D96A5D /* HRUITests.swift */,
				BBD327892165CEFF00D96A5D /* Info.plist */,
			);
			path = HRUITests;
			sourceTree = "<group>";
		};
		E8ECE0C523071406078C12A7 /* Pods */ = {
			isa = PBXGroup;
			children = (
				D7C997EB3C7F345CD7471815 /* Pods-HR.debug.xcconfig */,
				23FC3F0C9FFCB92777A8BAB5 /* Pods-HR.release.xcconfig */,
				8262875572C8007A7FD272E5 /* Pods-HRTests.debug.xcconfig */,
				A68D744D4CC119B546E2DA41 /* Pods-HRTests.release.xcconfig */,
				C22179FFD193C261F956ED3A /* Pods-HRUITests.debug.xcconfig */,
				E461E37DBC9BAD75E9915B6C /* Pods-HRUITests.release.xcconfig */,
			);
			name = Pods;
			sourceTree = "<group>";
		};
/* End PBXGroup section */

/* Begin PBXNativeTarget section */
		BBD327632165CEF000D96A5D /* HR */ = {
			isa = PBXNativeTarget;
			buildConfigurationList = BBD3278C2165CEFF00D96A5D /* Build configuration list for PBXNativeTarget "HR" */;
			buildPhases = (
				B7E5B4D733034EC3A24008A3 /* [CP] Check Pods Manifest.lock */,
				BBD327602165CEF000D96A5D /* Sources */,
				BBD327612165CEF000D96A5D /* Frameworks */,
				BBD327622165CEF000D96A5D /* Resources */,
				AED1B051195C731D8F010334 /* [CP] Embed Pods Frameworks */,
			);
			buildRules = (
			);
			dependencies = (
			);
			name = HR;
			productName = HR;
			productReference = BBD327642165CEF000D96A5D /* HR.app */;
			productType = "com.apple.product-type.application";
		};
		BBD327772165CEFF00D96A5D /* HRTests */ = {
			isa = PBXNativeTarget;
			buildConfigurationList = BBD3278F2165CEFF00D96A5D /* Build configuration list for PBXNativeTarget "HRTests" */;
			buildPhases = (
				E626874AA7163392050A0854 /* [CP] Check Pods Manifest.lock */,
				BBD327742165CEFF00D96A5D /* Sources */,
				BBD327752165CEFF00D96A5D /* Frameworks */,
				BBD327762165CEFF00D96A5D /* Resources */,
			);
			buildRules = (
			);
			dependencies = (
				BBD3277A2165CEFF00D96A5D /* PBXTargetDependency */,
			);
			name = HRTests;
			productName = HRTests;
			productReference = BBD327782165CEFF00D96A5D /* HRTests.xctest */;
			productType = "com.apple.product-type.bundle.unit-test";
		};
		BBD327822165CEFF00D96A5D /* HRUITests */ = {
			isa = PBXNativeTarget;
			buildConfigurationList = BBD327922165CEFF00D96A5D /* Build configuration list for PBXNativeTarget "HRUITests" */;
			buildPhases = (
				70BD183217DBE6539F99C8CF /* [CP] Check Pods Manifest.lock */,
				BBD3277F2165CEFF00D96A5D /* Sources */,
				BBD327802165CEFF00D96A5D /* Frameworks */,
				BBD327812165CEFF00D96A5D /* Resources */,
			);
			buildRules = (
			);
			dependencies = (
				BBD327852165CEFF00D96A5D /* PBXTargetDependency */,
			);
			name = HRUITests;
			productName = HRUITests;
			productReference = BBD327832165CEFF00D96A5D /* HRUITests.xctest */;
			productType = "com.apple.product-type.bundle.ui-testing";
		};
/* End PBXNativeTarget section */

/* Begin PBXProject section */
		BBD3275C2165CEEF00D96A5D /* Project object */ = {
			isa = PBXProject;
			attributes = {
				LastSwiftUpdateCheck = 0940;
				LastUpgradeCheck = 0940;
				ORGANIZATIONNAME = "sandeep@nettechnocrats";
				TargetAttributes = {
					BBD327632165CEF000D96A5D = {
						CreatedOnToolsVersion = 9.4.1;
						LastSwiftMigration = 1010;
					};
					BBD327772165CEFF00D96A5D = {
						CreatedOnToolsVersion = 9.4.1;
						LastSwiftMigration = 1010;
						TestTargetID = BBD327632165CEF000D96A5D;
					};
					BBD327822165CEFF00D96A5D = {
						CreatedOnToolsVersion = 9.4.1;
						LastSwiftMigration = 1010;
						TestTargetID = BBD327632165CEF000D96A5D;
					};
				};
			};
			buildConfigurationList = BBD3275F2165CEEF00D96A5D /* Build configuration list for PBXProject "HR" */;
			compatibilityVersion = "Xcode 9.3";
			developmentRegion = en;
			hasScannedForEncodings = 0;
			knownRegions = (
				en,
				Base,
			);
			mainGroup = BBD3275B2165CEEF00D96A5D;
			productRefGroup = BBD327652165CEF000D96A5D /* Products */;
			projectDirPath = "";
			projectRoot = "";
			targets = (
				BBD327632165CEF000D96A5D /* HR */,
				BBD327772165CEFF00D96A5D /* HRTests */,
				BBD327822165CEFF00D96A5D /* HRUITests */,
			);
		};
/* End PBXProject section */

/* Begin PBXResourcesBuildPhase section */
		BBD327622165CEF000D96A5D /* Resources */ = {
			isa = PBXResourcesBuildPhase;
			buildActionMask = 2147483647;
			files = (
				BBD327722165CEFF00D96A5D /* LaunchScreen.storyboard in Resources */,
				BB18D4CC216DCDBC00CD105F /* GoogleService-Info.plist in Resources */,
				EEEF863021B5A24900C20DCB /* Assets.xcassets in Resources */,
				BBD3276D2165CEF100D96A5D /* Main.storyboard in Resources */,
			);
			runOnlyForDeploymentPostprocessing = 0;
		};
		BBD327762165CEFF00D96A5D /* Resources */ = {
			isa = PBXResourcesBuildPhase;
			buildActionMask = 2147483647;
			files = (
			);
			runOnlyForDeploymentPostprocessing = 0;
		};
		BBD327812165CEFF00D96A5D /* Resources */ = {
			isa = PBXResourcesBuildPhase;
			buildActionMask = 2147483647;
			files = (
			);
			runOnlyForDeploymentPostprocessing = 0;
		};
/* End PBXResourcesBuildPhase section */

/* Begin PBXShellScriptBuildPhase section */
		70BD183217DBE6539F99C8CF /* [CP] Check Pods Manifest.lock */ = {
			isa = PBXShellScriptBuildPhase;
			buildActionMask = 2147483647;
			files = (
			);
			inputPaths = (
				"${PODS_PODFILE_DIR_PATH}/Podfile.lock",
				"${PODS_ROOT}/Manifest.lock",
			);
			name = "[CP] Check Pods Manifest.lock";
			outputPaths = (
				"$(DERIVED_FILE_DIR)/Pods-HRUITests-checkManifestLockResult.txt",
			);
			runOnlyForDeploymentPostprocessing = 0;
			shellPath = /bin/sh;
			shellScript = "diff \"${PODS_PODFILE_DIR_PATH}/Podfile.lock\" \"${PODS_ROOT}/Manifest.lock\" > /dev/null\nif [ $? != 0 ] ; then\n    # print error to STDERR\n    echo \"error: The sandbox is not in sync with the Podfile.lock. Run 'pod install' or update your CocoaPods installation.\" >&2\n    exit 1\nfi\n# This output is used by Xcode 'outputs' to avoid re-running this script phase.\necho \"SUCCESS\" > \"${SCRIPT_OUTPUT_FILE_0}\"\n";
			showEnvVarsInLog = 0;
		};
		AED1B051195C731D8F010334 /* [CP] Embed Pods Frameworks */ = {
			isa = PBXShellScriptBuildPhase;
			buildActionMask = 2147483647;
			files = (
			);
			inputPaths = (
				"${SRCROOT}/Pods/Target Support Files/Pods-HR/Pods-HR-frameworks.sh",
				"${BUILT_PRODUCTS_DIR}/GTMSessionFetcher/GTMSessionFetcher.framework",
				"${BUILT_PRODUCTS_DIR}/GoogleUtilities/GoogleUtilities.framework",
				"${BUILT_PRODUCTS_DIR}/IQKeyboardManagerSwift/IQKeyboardManagerSwift.framework",
				"${BUILT_PRODUCTS_DIR}/leveldb-library/leveldb.framework",
				"${BUILT_PRODUCTS_DIR}/nanopb/nanopb.framework",
			);
			name = "[CP] Embed Pods Frameworks";
			outputPaths = (
				"${TARGET_BUILD_DIR}/${FRAMEWORKS_FOLDER_PATH}/GTMSessionFetcher.framework",
				"${TARGET_BUILD_DIR}/${FRAMEWORKS_FOLDER_PATH}/GoogleUtilities.framework",
				"${TARGET_BUILD_DIR}/${FRAMEWORKS_FOLDER_PATH}/IQKeyboardManagerSwift.framework",
				"${TARGET_BUILD_DIR}/${FRAMEWORKS_FOLDER_PATH}/leveldb.framework",
				"${TARGET_BUILD_DIR}/${FRAMEWORKS_FOLDER_PATH}/nanopb.framework",
			);
			runOnlyForDeploymentPostprocessing = 0;
			shellPath = /bin/sh;
			shellScript = "\"${SRCROOT}/Pods/Target Support Files/Pods-HR/Pods-HR-frameworks.sh\"\n";
			showEnvVarsInLog = 0;
		};
		B7E5B4D733034EC3A24008A3 /* [CP] Check Pods Manifest.lock */ = {
			isa = PBXShellScriptBuildPhase;
			buildActionMask = 2147483647;
			files = (
			);
			inputPaths = (
				"${PODS_PODFILE_DIR_PATH}/Podfile.lock",
				"${PODS_ROOT}/Manifest.lock",
			);
			name = "[CP] Check Pods Manifest.lock";
			outputPaths = (
				"$(DERIVED_FILE_DIR)/Pods-HR-checkManifestLockResult.txt",
			);
			runOnlyForDeploymentPostprocessing = 0;
			shellPath = /bin/sh;
			shellScript = "diff \"${PODS_PODFILE_DIR_PATH}/Podfile.lock\" \"${PODS_ROOT}/Manifest.lock\" > /dev/null\nif [ $? != 0 ] ; then\n    # print error to STDERR\n    echo \"error: The sandbox is not in sync with the Podfile.lock. Run 'pod install' or update your CocoaPods installation.\" >&2\n    exit 1\nfi\n# This output is used by Xcode 'outputs' to avoid re-running this script phase.\necho \"SUCCESS\" > \"${SCRIPT_OUTPUT_FILE_0}\"\n";
			showEnvVarsInLog = 0;
		};
		E626874AA7163392050A0854 /* [CP] Check Pods Manifest.lock */ = {
			isa = PBXShellScriptBuildPhase;
			buildActionMask = 2147483647;
			files = (
			);
			inputPaths = (
				"${PODS_PODFILE_DIR_PATH}/Podfile.lock",
				"${PODS_ROOT}/Manifest.lock",
			);
			name = "[CP] Check Pods Manifest.lock";
			outputPaths = (
				"$(DERIVED_FILE_DIR)/Pods-HRTests-checkManifestLockResult.txt",
			);
			runOnlyForDeploymentPostprocessing = 0;
			shellPath = /bin/sh;
			shellScript = "diff \"${PODS_PODFILE_DIR_PATH}/Podfile.lock\" \"${PODS_ROOT}/Manifest.lock\" > /dev/null\nif [ $? != 0 ] ; then\n    # print error to STDERR\n    echo \"error: The sandbox is not in sync with the Podfile.lock. Run 'pod install' or update your CocoaPods installation.\" >&2\n    exit 1\nfi\n# This output is used by Xcode 'outputs' to avoid re-running this script phase.\necho \"SUCCESS\" > \"${SCRIPT_OUTPUT_FILE_0}\"\n";
			showEnvVarsInLog = 0;
		};
/* End PBXShellScriptBuildPhase section */

/* Begin PBXSourcesBuildPhase section */
		BBD327602165CEF000D96A5D /* Sources */ = {
			isa = PBXSourcesBuildPhase;
			buildActionMask = 2147483647;
			files = (
				BBD3279E21663E7900D96A5D /* ForgotController.swift in Sources */,
				BBD327962165DBA800D96A5D /* SignInController.swift in Sources */,
				BB9561702175E95400A52232 /* Leave.swift in Sources */,
				BBDE30B721673EB6005D58D9 /* LeaveController.swift in Sources */,
				BBD327682165CEF000D96A5D /* AppDelegate.swift in Sources */,
				EED67D74221EA56F0061FADE /* DataLeave.swift in Sources */,
				BB0827B821707189008FE9C2 /* Global.swift in Sources */,
				BBC42416216F29140056CB41 /* User.swift in Sources */,
				EED67D70221EA36E0061FADE /* SplashController.swift in Sources */,
				BBDE30B921673F04005D58D9 /* SelectedController.swift in Sources */,
				BBDE30BB21673F1F005D58D9 /* EditSendController.swift in Sources */,
				BBD3279C2166312900D96A5D /* SignupController.swift in Sources */,
			);
			runOnlyForDeploymentPostprocessing = 0;
		};
		BBD327742165CEFF00D96A5D /* Sources */ = {
			isa = PBXSourcesBuildPhase;
			buildActionMask = 2147483647;
			files = (
				BBD3277D2165CEFF00D96A5D /* HRTests.swift in Sources */,
			);
			runOnlyForDeploymentPostprocessing = 0;
		};
		BBD3277F2165CEFF00D96A5D /* Sources */ = {
			isa = PBXSourcesBuildPhase;
			buildActionMask = 2147483647;
			files = (
				BBD327882165CEFF00D96A5D /* HRUITests.swift in Sources */,
			);
			runOnlyForDeploymentPostprocessing = 0;
		};
/* End PBXSourcesBuildPhase section */

/* Begin PBXTargetDependency section */
		BBD3277A2165CEFF00D96A5D /* PBXTargetDependency */ = {
			isa = PBXTargetDependency;
			target = BBD327632165CEF000D96A5D /* HR */;
			targetProxy = BBD327792165CEFF00D96A5D /* PBXContainerItemProxy */;
		};
		BBD327852165CEFF00D96A5D /* PBXTargetDependency */ = {
			isa = PBXTargetDependency;
			target = BBD327632165CEF000D96A5D /* HR */;
			targetProxy = BBD327842165CEFF00D96A5D /* PBXContainerItemProxy */;
		};
/* End PBXTargetDependency section */

/* Begin PBXVariantGroup section */
		BBD3276B2165CEF100D96A5D /* Main.storyboard */ = {
			isa = PBXVariantGroup;
			children = (
				BBD3276C2165CEF100D96A5D /* Base */,
			);
			name = Main.storyboard;
			sourceTree = "<group>";
		};
		BBD327702165CEFF00D96A5D /* LaunchScreen.storyboard */ = {
			isa = PBXVariantGroup;
			children = (
				BBD327712165CEFF00D96A5D /* Base */,
			);
			name = LaunchScreen.storyboard;
			sourceTree = "<group>";
		};
/* End PBXVariantGroup section */

/* Begin XCBuildConfiguration section */
		BBD3278A2165CEFF00D96A5D /* Debug */ = {
			isa = XCBuildConfiguration;
			buildSettings = {
				ALWAYS_SEARCH_USER_PATHS = NO;
				CLANG_ANALYZER_NONNULL = YES;
				CLANG_ANALYZER_NUMBER_OBJECT_CONVERSION = YES_AGGRESSIVE;
				CLANG_CXX_LANGUAGE_STANDARD = "gnu++14";
				CLANG_CXX_LIBRARY = "libc++";
				CLANG_ENABLE_MODULES = YES;
				CLANG_ENABLE_OBJC_ARC = YES;
				CLANG_ENABLE_OBJC_WEAK = YES;
				CLANG_WARN_BLOCK_CAPTURE_AUTORELEASING = YES;
				CLANG_WARN_BOOL_CONVERSION = YES;
				CLANG_WARN_COMMA = YES;
				CLANG_WARN_CONSTANT_CONVERSION = YES;
				CLANG_WARN_DEPRECATED_OBJC_IMPLEMENTATIONS = YES;
				CLANG_WARN_DIRECT_OBJC_ISA_USAGE = YES_ERROR;
				CLANG_WARN_DOCUMENTATION_COMMENTS = YES;
				CLANG_WARN_EMPTY_BODY = YES;
				CLANG_WARN_ENUM_CONVERSION = YES;
				CLANG_WARN_INFINITE_RECURSION = YES;
				CLANG_WARN_INT_CONVERSION = YES;
				CLANG_WARN_NON_LITERAL_NULL_CONVERSION = YES;
				CLANG_WARN_OBJC_IMPLICIT_RETAIN_SELF = YES;
				CLANG_WARN_OBJC_LITERAL_CONVERSION = YES;
				CLANG_WARN_OBJC_ROOT_CLASS = YES_ERROR;
				CLANG_WARN_RANGE_LOOP_ANALYSIS = YES;
				CLANG_WARN_STRICT_PROTOTYPES = YES;
				CLANG_WARN_SUSPICIOUS_MOVE = YES;
				CLANG_WARN_UNGUARDED_AVAILABILITY = YES_AGGRESSIVE;
				CLANG_WARN_UNREACHABLE_CODE = YES;
				CLANG_WARN__DUPLICATE_METHOD_MATCH = YES;
				CODE_SIGN_IDENTITY = "iPhone Developer";
				COPY_PHASE_STRIP = NO;
				DEBUG_INFORMATION_FORMAT = dwarf;
				ENABLE_STRICT_OBJC_MSGSEND = YES;
				ENABLE_TESTABILITY = YES;
				GCC_C_LANGUAGE_STANDARD = gnu11;
				GCC_DYNAMIC_NO_PIC = NO;
				GCC_NO_COMMON_BLOCKS = YES;
				GCC_OPTIMIZATION_LEVEL = 0;
				GCC_PREPROCESSOR_DEFINITIONS = (
					"DEBUG=1",
					"$(inherited)",
				);
				GCC_WARN_64_TO_32_BIT_CONVERSION = YES;
				GCC_WARN_ABOUT_RETURN_TYPE = YES_ERROR;
				GCC_WARN_UNDECLARED_SELECTOR = YES;
				GCC_WARN_UNINITIALIZED_AUTOS = YES_AGGRESSIVE;
				GCC_WARN_UNUSED_FUNCTION = YES;
				GCC_WARN_UNUSED_VARIABLE = YES;
				IPHONEOS_DEPLOYMENT_TARGET = 11.4;
				MTL_ENABLE_DEBUG_INFO = YES;
				ONLY_ACTIVE_ARCH = YES;
				SDKROOT = iphoneos;
				SWIFT_ACTIVE_COMPILATION_CONDITIONS = DEBUG;
				SWIFT_OPTIMIZATION_LEVEL = "-Onone";
			};
			name = Debug;
		};
		BBD3278B2165CEFF00D96A5D /* Release */ = {
			isa = XCBuildConfiguration;
			buildSettings = {
				ALWAYS_SEARCH_USER_PATHS = NO;
				CLANG_ANALYZER_NONNULL = YES;
				CLANG_ANALYZER_NUMBER_OBJECT_CONVERSION = YES_AGGRESSIVE;
				CLANG_CXX_LANGUAGE_STANDARD = "gnu++14";
				CLANG_CXX_LIBRARY = "libc++";
				CLANG_ENABLE_MODULES = YES;
				CLANG_ENABLE_OBJC_ARC = YES;
				CLANG_ENABLE_OBJC_WEAK = YES;
				CLANG_WARN_BLOCK_CAPTURE_AUTORELEASING = YES;
				CLANG_WARN_BOOL_CONVERSION = YES;
				CLANG_WARN_COMMA = YES;
				CLANG_WARN_CONSTANT_CONVERSION = YES;
				CLANG_WARN_DEPRECATED_OBJC_IMPLEMENTATIONS = YES;
				CLANG_WARN_DIRECT_OBJC_ISA_USAGE = YES_ERROR;
				CLANG_WARN_DOCUMENTATION_COMMENTS = YES;
				CLANG_WARN_EMPTY_BODY = YES;
				CLANG_WARN_ENUM_CONVERSION = YES;
				CLANG_WARN_INFINITE_RECURSION = YES;
				CLANG_WARN_INT_CONVERSION = YES;
				CLANG_WARN_NON_LITERAL_NULL_CONVERSION = YES;
				CLANG_WARN_OBJC_IMPLICIT_RETAIN_SELF = YES;
				CLANG_WARN_OBJC_LITERAL_CONVERSION = YES;
				CLANG_WARN_OBJC_ROOT_CLASS = YES_ERROR;
				CLANG_WARN_RANGE_LOOP_ANALYSIS = YES;
				CLANG_WARN_STRICT_PROTOTYPES = YES;
				CLANG_WARN_SUSPICIOUS_MOVE = YES;
				CLANG_WARN_UNGUARDED_AVAILABILITY = YES_AGGRESSIVE;
				CLANG_WARN_UNREACHABLE_CODE = YES;
				CLANG_WARN__DUPLICATE_METHOD_MATCH = YES;
				CODE_SIGN_IDENTITY = "iPhone Developer";
				COPY_PHASE_STRIP = NO;
				DEBUG_INFORMATION_FORMAT = "dwarf-with-dsym";
				ENABLE_NS_ASSERTIONS = NO;
				ENABLE_STRICT_OBJC_MSGSEND = YES;
				GCC_C_LANGUAGE_STANDARD = gnu11;
				GCC_NO_COMMON_BLOCKS = YES;
				GCC_WARN_64_TO_32_BIT_CONVERSION = YES;
				GCC_WARN_ABOUT_RETURN_TYPE = YES_ERROR;
				GCC_WARN_UNDECLARED_SELECTOR = YES;
				GCC_WARN_UNINITIALIZED_AUTOS = YES_AGGRESSIVE;
				GCC_WARN_UNUSED_FUNCTION = YES;
				GCC_WARN_UNUSED_VARIABLE = YES;
				IPHONEOS_DEPLOYMENT_TARGET = 11.4;
				MTL_ENABLE_DEBUG_INFO = NO;
				SDKROOT = iphoneos;
				SWIFT_COMPILATION_MODE = wholemodule;
				SWIFT_OPTIMIZATION_LEVEL = "-O";
				VALIDATE_PRODUCT = YES;
			};
			name = Release;
		};
		BBD3278D2165CEFF00D96A5D /* Debug */ = {
			isa = XCBuildConfiguration;
			baseConfigurationReference = D7C997EB3C7F345CD7471815 /* Pods-HR.debug.xcconfig */;
			buildSettings = {
				ASSETCATALOG_COMPILER_APPICON_NAME = AppIcon;
				CODE_SIGN_IDENTITY = "iPhone Developer";
				CODE_SIGN_STYLE = Automatic;
				DEVELOPMENT_TEAM = CZ35CTMT62;
				INFOPLIST_FILE = HR/Info.plist;
				IPHONEOS_DEPLOYMENT_TARGET = 11.0;
				LD_RUNPATH_SEARCH_PATHS = (
					"$(inherited)",
					"@executable_path/Frameworks",
				);
				PRODUCT_BUNDLE_IDENTIFIER = com.shivam.HR;
				PRODUCT_NAME = "$(TARGET_NAME)";
				PROVISIONING_PROFILE_SPECIFIER = "";
				SWIFT_VERSION = 4.2;
				TARGETED_DEVICE_FAMILY = "1,2";
			};
			name = Debug;
		};
		BBD3278E2165CEFF00D96A5D /* Release */ = {
			isa = XCBuildConfiguration;
			baseConfigurationReference = 23FC3F0C9FFCB92777A8BAB5 /* Pods-HR.release.xcconfig */;
			buildSettings = {
				ASSETCATALOG_COMPILER_APPICON_NAME = AppIcon;
				CODE_SIGN_IDENTITY = "iPhone Developer";
				CODE_SIGN_STYLE = Automatic;
				DEVELOPMENT_TEAM = CZ35CTMT62;
				INFOPLIST_FILE = HR/Info.plist;
				IPHONEOS_DEPLOYMENT_TARGET = 11.0;
				LD_RUNPATH_SEARCH_PATHS = (
					"$(inherited)",
					"@executable_path/Frameworks",
				);
				PRODUCT_BUNDLE_IDENTIFIER = com.shivam.HR;
				PRODUCT_NAME = "$(TARGET_NAME)";
				PROVISIONING_PROFILE_SPECIFIER = "";
				SWIFT_VERSION = 4.2;
				TARGETED_DEVICE_FAMILY = "1,2";
			};
			name = Release;
		};
		BBD327902165CEFF00D96A5D /* Debug */ = {
			isa = XCBuildConfiguration;
			baseConfigurationReference = 8262875572C8007A7FD272E5 /* Pods-HRTests.debug.xcconfig */;
			buildSettings = {
				ALWAYS_EMBED_SWIFT_STANDARD_LIBRARIES = YES;
				BUNDLE_LOADER = "$(TEST_HOST)";
				CODE_SIGN_STYLE = Automatic;
				DEVELOPMENT_TEAM = TEX6LFVNWJ;
				INFOPLIST_FILE = HRTests/Info.plist;
				LD_RUNPATH_SEARCH_PATHS = (
					"$(inherited)",
					"@executable_path/Frameworks",
					"@loader_path/Frameworks",
				);
				PRODUCT_BUNDLE_IDENTIFIER = com.nettechnocrats.HRTests;
				PRODUCT_NAME = "$(TARGET_NAME)";
				SWIFT_VERSION = 4.2;
				TARGETED_DEVICE_FAMILY = "1,2";
				TEST_HOST = "$(BUILT_PRODUCTS_DIR)/HR.app/HR";
			};
			name = Debug;
		};
		BBD327912165CEFF00D96A5D /* Release */ = {
			isa = XCBuildConfiguration;
			baseConfigurationReference = A68D744D4CC119B546E2DA41 /* Pods-HRTests.release.xcconfig */;
			buildSettings = {
				ALWAYS_EMBED_SWIFT_STANDARD_LIBRARIES = YES;
				BUNDLE_LOADER = "$(TEST_HOST)";
				CODE_SIGN_STYLE = Automatic;
				DEVELOPMENT_TEAM = TEX6LFVNWJ;
				INFOPLIST_FILE = HRTests/Info.plist;
				LD_RUNPATH_SEARCH_PATHS = (
					"$(inherited)",
					"@executable_path/Frameworks",
					"@loader_path/Frameworks",
				);
				PRODUCT_BUNDLE_IDENTIFIER = com.nettechnocrats.HRTests;
				PRODUCT_NAME = "$(TARGET_NAME)";
				SWIFT_VERSION = 4.2;
				TARGETED_DEVICE_FAMILY = "1,2";
				TEST_HOST = "$(BUILT_PRODUCTS_DIR)/HR.app/HR";
			};
			name = Release;
		};
		BBD327932165CEFF00D96A5D /* Debug */ = {
			isa = XCBuildConfiguration;
			baseConfigurationReference = C22179FFD193C261F956ED3A /* Pods-HRUITests.debug.xcconfig */;
			buildSettings = {
				ALWAYS_EMBED_SWIFT_STANDARD_LIBRARIES = YES;
				CODE_SIGN_STYLE = Automatic;
				DEVELOPMENT_TEAM = TEX6LFVNWJ;
				INFOPLIST_FILE = HRUITests/Info.plist;
				LD_RUNPATH_SEARCH_PATHS = (
					"$(inherited)",
					"@executable_path/Frameworks",
					"@loader_path/Frameworks",
				);
				PRODUCT_BUNDLE_IDENTIFIER = com.nettechnocrats.HRUITests;
				PRODUCT_NAME = "$(TARGET_NAME)";
				SWIFT_VERSION = 4.2;
				TARGETED_DEVICE_FAMILY = "1,2";
				TEST_TARGET_NAME = HR;
			};
			name = Debug;
		};
		BBD327942165CEFF00D96A5D /* Release */ = {
			isa = XCBuildConfiguration;
			baseConfigurationReference = E461E37DBC9BAD75E9915B6C /* Pods-HRUITests.release.xcconfig */;
			buildSettings = {
				ALWAYS_EMBED_SWIFT_STANDARD_LIBRARIES = YES;
				CODE_SIGN_STYLE = Automatic;
				DEVELOPMENT_TEAM = TEX6LFVNWJ;
				INFOPLIST_FILE = HRUITests/Info.plist;
				LD_RUNPATH_SEARCH_PATHS = (
					"$(inherited)",
					"@executable_path/Frameworks",
					"@loader_path/Frameworks",
				);
				PRODUCT_BUNDLE_IDENTIFIER = com.nettechnocrats.HRUITests;
				PRODUCT_NAME = "$(TARGET_NAME)";
				SWIFT_VERSION = 4.2;
				TARGETED_DEVICE_FAMILY = "1,2";
				TEST_TARGET_NAME = HR;
			};
			name = Release;
		};
/* End XCBuildConfiguration section */

/* Begin XCConfigurationList section */
		BBD3275F2165CEEF00D96A5D /* Build configuration list for PBXProject "HR" */ = {
			isa = XCConfigurationList;
			buildConfigurations = (
				BBD3278A2165CEFF00D96A5D /* Debug */,
				BBD3278B2165CEFF00D96A5D /* Release */,
			);
			defaultConfigurationIsVisible = 0;
			defaultConfigurationName = Release;
		};
		BBD3278C2165CEFF00D96A5D /* Build configuration list for PBXNativeTarget "HR" */ = {
			isa = XCConfigurationList;
			buildConfigurations = (
				BBD3278D2165CEFF00D96A5D /* Debug */,
				BBD3278E2165CEFF00D96A5D /* Release */,
			);
			defaultConfigurationIsVisible = 0;
			defaultConfigurationName = Release;
		};
		BBD3278F2165CEFF00D96A5D /* Build configuration list for PBXNativeTarget "HRTests" */ = {
			isa = XCConfigurationList;
			buildConfigurations = (
				BBD327902165CEFF00D96A5D /* Debug */,
				BBD327912165CEFF00D96A5D /* Release */,
			);
			defaultConfigurationIsVisible = 0;
			defaultConfigurationName = Release;
		};
		BBD327922165CEFF00D96A5D /* Build configuration list for PBXNativeTarget "HRUITests" */ = {
			isa = XCConfigurationList;
			buildConfigurations = (
				BBD327932165CEFF00D96A5D /* Debug */,
				BBD327942165CEFF00D96A5D /* Release */,
			);
			defaultConfigurationIsVisible = 0;
			defaultConfigurationName = Release;
		};
/* End XCConfigurationList section */
	};
	rootObject = BBD3275C2165CEEF00D96A5D /* Project object */;
}
